// !$*UTF8*$!
{
	archiveVersion = 1;
	classes = {
	};
	objectVersion = 50;
	objects = {

/* Begin PBXBuildFile section */
		A2F9E75F22A9F63900DBE104 /* AppDelegate.swift in Sources */ = {isa = PBXBuildFile; fileRef = A2F9E75E22A9F63900DBE104 /* AppDelegate.swift */; };
		A2F9E76422A9F63900DBE104 /* Main.storyboard in Resources */ = {isa = PBXBuildFile; fileRef = A2F9E76222A9F63900DBE104 /* Main.storyboard */; };
		A2F9E76622A9F63A00DBE104 /* Assets.xcassets in Resources */ = {isa = PBXBuildFile; fileRef = A2F9E76522A9F63A00DBE104 /* Assets.xcassets */; };
		A2F9E76922A9F63A00DBE104 /* LaunchScreen.storyboard in Resources */ = {isa = PBXBuildFile; fileRef = A2F9E76722A9F63A00DBE104 /* LaunchScreen.storyboard */; };
		A2F9E77122A9F7CA00DBE104 /* MusicTableViewController.swift in Sources */ = {isa = PBXBuildFile; fileRef = A2F9E77022A9F7CA00DBE104 /* MusicTableViewController.swift */; };
		A2F9E77322A9F91900DBE104 /* Song.swift in Sources */ = {isa = PBXBuildFile; fileRef = A2F9E77222A9F91900DBE104 /* Song.swift */; };
		A2F9E77522A9F99800DBE104 /* SongController.swift in Sources */ = {isa = PBXBuildFile; fileRef = A2F9E77422A9F99800DBE104 /* SongController.swift */; };
		A2F9E77A22A9FC3500DBE104 /* AddSongViewController.swift in Sources */ = {isa = PBXBuildFile; fileRef = A2F9E77922A9FC3500DBE104 /* AddSongViewController.swift */; };
/* End PBXBuildFile section */

/* Begin PBXFileReference section */
		A2F9E75B22A9F63900DBE104 /* FavoriteMusic.app */ = {isa = PBXFileReference; explicitFileType = wrapper.application; includeInIndex = 0; path = FavoriteMusic.app; sourceTree = BUILT_PRODUCTS_DIR; };
		A2F9E75E22A9F63900DBE104 /* AppDelegate.swift */ = {isa = PBXFileReference; lastKnownFileType = sourcecode.swift; path = AppDelegate.swift; sourceTree = "<group>"; };
		A2F9E76322A9F63900DBE104 /* Base */ = {isa = PBXFileReference; lastKnownFileType = file.storyboard; name = Base; path = Base.lproj/Main.storyboard; sourceTree = "<group>"; };
		A2F9E76522A9F63A00DBE104 /* Assets.xcassets */ = {isa = PBXFileReference; lastKnownFileType = folder.assetcatalog; path = Assets.xcassets; sourceTree = "<group>"; };
		A2F9E76822A9F63A00DBE104 /* Base */ = {isa = PBXFileReference; lastKnownFileType = file.storyboard; name = Base; path = Base.lproj/LaunchScreen.storyboard; sourceTree = "<group>"; };
		A2F9E76A22A9F63A00DBE104 /* Info.plist */ = {isa = PBXFileReference; lastKnownFileType = text.plist.xml; path = Info.plist; sourceTree = "<group>"; };
		A2F9E77022A9F7CA00DBE104 /* MusicTableViewController.swift */ = {isa = PBXFileReference; lastKnownFileType = sourcecode.swift; path = MusicTableViewController.swift; sourceTree = "<group>"; };
		A2F9E77222A9F91900DBE104 /* Song.swift */ = {isa = PBXFileReference; lastKnownFileType = sourcecode.swift; path = Song.swift; sourceTree = "<group>"; };
		A2F9E77422A9F99800DBE104 /* SongController.swift */ = {isa = PBXFileReference; lastKnownFileType = sourcecode.swift; path = SongController.swift; sourceTree = "<group>"; };
		A2F9E77922A9FC3500DBE104 /* AddSongViewController.swift */ = {isa = PBXFileReference; lastKnownFileType = sourcecode.swift; path = AddSongViewController.swift; sourceTree = "<group>"; };
/* End PBXFileReference section */

/* Begin PBXFrameworksBuildPhase section */
		A2F9E75822A9F63900DBE104 /* Frameworks */ = {
			isa = PBXFrameworksBuildPhase;
			buildActionMask = 2147483647;
			files = (
			);
			runOnlyForDeploymentPostprocessing = 0;
		};
/* End PBXFrameworksBuildPhase section */

/* Begin PBXGroup section */
		A2F9E75222A9F63900DBE104 = {
			isa = PBXGroup;
			children = (
				A2F9E75D22A9F63900DBE104 /* FavoriteMusic */,
				A2F9E75C22A9F63900DBE104 /* Products */,
			);
			sourceTree = "<group>";
		};
		A2F9E75C22A9F63900DBE104 /* Products */ = {
			isa = PBXGroup;
			children = (
				A2F9E75B22A9F63900DBE104 /* FavoriteMusic.app */,
			);
			name = Products;
			sourceTree = "<group>";
		};
		A2F9E75D22A9F63900DBE104 /* FavoriteMusic */ = {
			isa = PBXGroup;
			children = (
				A2F9E75E22A9F63900DBE104 /* AppDelegate.swift */,
				A2F9E76222A9F63900DBE104 /* Main.storyboard */,
				A2F9E77722A9FA6400DBE104 /* Model */,
				A2F9E77622A9FA2400DBE104 /* Model Controller */,
				A2F9E77822A9FA6F00DBE104 /* View Controllers */,
				A2F9E76522A9F63A00DBE104 /* Assets.xcassets */,
				A2F9E76722A9F63A00DBE104 /* LaunchScreen.storyboard */,
				A2F9E76A22A9F63A00DBE104 /* Info.plist */,
			);
			path = FavoriteMusic;
			sourceTree = "<group>";
		};
		A2F9E77622A9FA2400DBE104 /* Model Controller */ = {
			isa = PBXGroup;
			children = (
				A2F9E77422A9F99800DBE104 /* SongController.swift */,
			);
			path = "Model Controller";
			sourceTree = "<group>";
		};
		A2F9E77722A9FA6400DBE104 /* Model */ = {
			isa = PBXGroup;
			children = (
				A2F9E77222A9F91900DBE104 /* Song.swift */,
			);
			path = Model;
			sourceTree = "<group>";
		};
		A2F9E77822A9FA6F00DBE104 /* View Controllers */ = {
			isa = PBXGroup;
			children = (
				A2F9E77922A9FC3500DBE104 /* AddSongViewController.swift */,
				A2F9E77022A9F7CA00DBE104 /* MusicTableViewController.swift */,
			);
			path = "View Controllers";
			sourceTree = "<group>";
		};
/* End PBXGroup section */

/* Begin PBXNativeTarget section */
		A2F9E75A22A9F63900DBE104 /* FavoriteMusic */ = {
			isa = PBXNativeTarget;
			buildConfigurationList = A2F9E76D22A9F63A00DBE104 /* Build configuration list for PBXNativeTarget "FavoriteMusic" */;
			buildPhases = (
				A2F9E75722A9F63900DBE104 /* Sources */,
				A2F9E75822A9F63900DBE104 /* Frameworks */,
				A2F9E75922A9F63900DBE104 /* Resources */,
			);
			buildRules = (
			);
			dependencies = (
			);
			name = FavoriteMusic;
			productName = FavoriteMusic;
			productReference = A2F9E75B22A9F63900DBE104 /* FavoriteMusic.app */;
			productType = "com.apple.product-type.application";
		};
/* End PBXNativeTarget section */

/* Begin PBXProject section */
		A2F9E75322A9F63900DBE104 /* Project object */ = {
			isa = PBXProject;
			attributes = {
				LastSwiftUpdateCheck = 1020;
				LastUpgradeCheck = 1020;
				ORGANIZATIONNAME = "Alex Shillingford";
				TargetAttributes = {
					A2F9E75A22A9F63900DBE104 = {
						CreatedOnToolsVersion = 10.2.1;
					};
				};
			};
			buildConfigurationList = A2F9E75622A9F63900DBE104 /* Build configuration list for PBXProject "FavoriteMusic" */;
			compatibilityVersion = "Xcode 9.3";
			developmentRegion = en;
			hasScannedForEncodings = 0;
			knownRegions = (
				en,
				Base,
			);
			mainGroup = A2F9E75222A9F63900DBE104;
			productRefGroup = A2F9E75C22A9F63900DBE104 /* Products */;
			projectDirPath = "";
			projectRoot = "";
			targets = (
				A2F9E75A22A9F63900DBE104 /* FavoriteMusic */,
			);
		};
/* End PBXProject section */

/* Begin PBXResourcesBuildPhase section */
		A2F9E75922A9F63900DBE104 /* Resources */ = {
			isa = PBXResourcesBuildPhase;
			buildActionMask = 2147483647;
			files = (
				A2F9E76922A9F63A00DBE104 /* LaunchScreen.storyboard in Resources */,
				A2F9E76622A9F63A00DBE104 /* Assets.xcassets in Resources */,
				A2F9E76422A9F63900DBE104 /* Main.storyboard in Resources */,
			);
			runOnlyForDeploymentPostprocessing = 0;
		};
/* End PBXResourcesBuildPhase section */

/* Begin PBXSourcesBuildPhase section */
		A2F9E75722A9F63900DBE104 /* Sources */ = {
			isa = PBXSourcesBuildPhase;
			buildActionMask = 2147483647;
			files = (
				A2F9E77322A9F91900DBE104 /* Song.swift in Sources */,
				A2F9E75F22A9F63900DBE104 /* AppDelegate.swift in Sources */,
				A2F9E77522A9F99800DBE104 /* SongController.swift in Sources */,
				A2F9E77A22A9FC3500DBE104 /* AddSongViewController.swift in Sources */,
				A2F9E77122A9F7CA00DBE104 /* MusicTableViewController.swift in Sources */,
			);
			runOnlyForDeploymentPostprocessing = 0;
		};
/* End PBXSourcesBuildPhase section */

/* Begin PBXVariantGroup section */
		A2F9E76222A9F63900DBE104 /* Main.storyboard */ = {
			isa = PBXVariantGroup;
			children = (
				A2F9E76322A9F63900DBE104 /* Base */,
			);
			name = Main.storyboard;
			sourceTree = "<group>";
		};
		A2F9E76722A9F63A00DBE104 /* LaunchScreen.storyboard */ = {
			isa = PBXVariantGroup;
			children = (
				A2F9E76822A9F63A00DBE104 /* Base */,
			);
			name = LaunchScreen.storyboard;
			sourceTree = "<group>";
		};
/* End PBXVariantGroup section */

/* Begin XCBuildConfiguration section */
		A2F9E76B22A9F63A00DBE104 /* Debug */ = {
			isa = XCBuildConfiguration;
			buildSettings = {
				ALWAYS_SEARCH_USER_PATHS = NO;
				CLANG_ANALYZER_NONNULL = YES;
				CLANG_ANALYZER_NUMBER_OBJECT_CONVERSION = YES_AGGRESSIVE;
				CLANG_CXX_LANGUAGE_STANDARD = "gnu++14";
				CLANG_CXX_LIBRARY = "libc++";
				CLANG_ENABLE_MODULES = YES;
				CLANG_ENABLE_OBJC_ARC = YES;
				CLANG_ENABLE_OBJC_WEAK = YES;
				CLANG_WARN_BLOCK_CAPTURE_AUTORELEASING = YES;
				CLANG_WARN_BOOL_CONVERSION = YES;
				CLANG_WARN_COMMA = YES;
				CLANG_WARN_CONSTANT_CONVERSION = YES;
				CLANG_WARN_DEPRECATED_OBJC_IMPLEMENTATIONS = YES;
				CLANG_WARN_DIRECT_OBJC_ISA_USAGE = YES_ERROR;
				CLANG_WARN_DOCUMENTATION_COMMENTS = YES;
				CLANG_WARN_EMPTY_BODY = YES;
				CLANG_WARN_ENUM_CONVERSION = YES;
				CLANG_WARN_INFINITE_RECURSION = YES;
				CLANG_WARN_INT_CONVERSION = YES;
				CLANG_WARN_NON_LITERAL_NULL_CONVERSION = YES;
				CLANG_WARN_OBJC_IMPLICIT_RETAIN_SELF = YES;
				CLANG_WARN_OBJC_LITERAL_CONVERSION = YES;
				CLANG_WARN_OBJC_ROOT_CLASS = YES_ERROR;
				CLANG_WARN_RANGE_LOOP_ANALYSIS = YES;
				CLANG_WARN_STRICT_PROTOTYPES = YES;
				CLANG_WARN_SUSPICIOUS_MOVE = YES;
				CLANG_WARN_UNGUARDED_AVAILABILITY = YES_AGGRESSIVE;
				CLANG_WARN_UNREACHABLE_CODE = YES;
				CLANG_WARN__DUPLICATE_METHOD_MATCH = YES;
				CODE_SIGN_IDENTITY = "iPhone Developer";
				COPY_PHASE_STRIP = NO;
				DEBUG_INFORMATION_FORMAT = dwarf;
				ENABLE_STRICT_OBJC_MSGSEND = YES;
				ENABLE_TESTABILITY = YES;
				GCC_C_LANGUAGE_STANDARD = gnu11;
				GCC_DYNAMIC_NO_PIC = NO;
				GCC_NO_COMMON_BLOCKS = YES;
				GCC_OPTIMIZATION_LEVEL = 0;
				GCC_PREPROCESSOR_DEFINITIONS = (
					"DEBUG=1",
					"$(inherited)",
				);
				GCC_WARN_64_TO_32_BIT_CONVERSION = YES;
				GCC_WARN_ABOUT_RETURN_TYPE = YES_ERROR;
				GCC_WARN_UNDECLARED_SELECTOR = YES;
				GCC_WARN_UNINITIALIZED_AUTOS = YES_AGGRESSIVE;
				GCC_WARN_UNUSED_FUNCTION = YES;
				GCC_WARN_UNUSED_VARIABLE = YES;
				IPHONEOS_DEPLOYMENT_TARGET = 12.2;
				MTL_ENABLE_DEBUG_INFO = INCLUDE_SOURCE;
				MTL_FAST_MATH = YES;
				ONLY_ACTIVE_ARCH = YES;
				SDKROOT = iphoneos;
				SWIFT_ACTIVE_COMPILATION_CONDITIONS = DEBUG;
				SWIFT_OPTIMIZATION_LEVEL = "-Onone";
			};
			name = Debug;
		};
		A2F9E76C22A9F63A00DBE104 /* Release */ = {
			isa = XCBuildConfiguration;
			buildSettings = {
				ALWAYS_SEARCH_USER_PATHS = NO;
				CLANG_ANALYZER_NONNULL = YES;
				CLANG_ANALYZER_NUMBER_OBJECT_CONVERSION = YES_AGGRESSIVE;
				CLANG_CXX_LANGUAGE_STANDARD = "gnu++14";
				CLANG_CXX_LIBRARY = "libc++";
				CLANG_ENABLE_MODULES = YES;
				CLANG_ENABLE_OBJC_ARC = YES;
				CLANG_ENABLE_OBJC_WEAK = YES;
				CLANG_WARN_BLOCK_CAPTURE_AUTORELEASING = YES;
				CLANG_WARN_BOOL_CONVERSION = YES;
				CLANG_WARN_COMMA = YES;
				CLANG_WARN_CONSTANT_CONVERSION = YES;
				CLANG_WARN_DEPRECATED_OBJC_IMPLEMENTATIONS = YES;
				CLANG_WARN_DIRECT_OBJC_ISA_USAGE = YES_ERROR;
				CLANG_WARN_DOCUMENTATION_COMMENTS = YES;
				CLANG_WARN_EMPTY_BODY = YES;
				CLANG_WARN_ENUM_CONVERSION = YES;
				CLANG_WARN_INFINITE_RECURSION = YES;
				CLANG_WARN_INT_CONVERSION = YES;
				CLANG_WARN_NON_LITERAL_NULL_CONVERSION = YES;
				CLANG_WARN_OBJC_IMPLICIT_RETAIN_SELF = YES;
				CLANG_WARN_OBJC_LITERAL_CONVERSION = YES;
				CLANG_WARN_OBJC_ROOT_CLASS = YES_ERROR;
				CLANG_WARN_RANGE_LOOP_ANALYSIS = YES;
				CLANG_WARN_STRICT_PROTOTYPES = YES;
				CLANG_WARN_SUSPICIOUS_MOVE = YES;
				CLANG_WARN_UNGUARDED_AVAILABILITY = YES_AGGRESSIVE;
				CLANG_WARN_UNREACHABLE_CODE = YES;
				CLANG_WARN__DUPLICATE_METHOD_MATCH = YES;
				CODE_SIGN_IDENTITY = "iPhone Developer";
				COPY_PHASE_STRIP = NO;
				DEBUG_INFORMATION_FORMAT = "dwarf-with-dsym";
				ENABLE_NS_ASSERTIONS = NO;
				ENABLE_STRICT_OBJC_MSGSEND = YES;
				GCC_C_LANGUAGE_STANDARD = gnu11;
				GCC_NO_COMMON_BLOCKS = YES;
				GCC_WARN_64_TO_32_BIT_CONVERSION = YES;
				GCC_WARN_ABOUT_RETURN_TYPE = YES_ERROR;
				GCC_WARN_UNDECLARED_SELECTOR = YES;
				GCC_WARN_UNINITIALIZED_AUTOS = YES_AGGRESSIVE;
				GCC_WARN_UNUSED_FUNCTION = YES;
				GCC_WARN_UNUSED_VARIABLE = YES;
				IPHONEOS_DEPLOYMENT_TARGET = 12.2;
				MTL_ENABLE_DEBUG_INFO = NO;
				MTL_FAST_MATH = YES;
				SDKROOT = iphoneos;
				SWIFT_COMPILATION_MODE = wholemodule;
				SWIFT_OPTIMIZATION_LEVEL = "-O";
				VALIDATE_PRODUCT = YES;
			};
			name = Release;
		};
		A2F9E76E22A9F63A00DBE104 /* Debug */ = {
			isa = XCBuildConfiguration;
			buildSettings = {
				ASSETCATALOG_COMPILER_APPICON_NAME = AppIcon;
				CODE_SIGN_STYLE = Automatic;
				DEVELOPMENT_TEAM = TX86F6EBCJ;
				INFOPLIST_FILE = FavoriteMusic/Info.plist;
				LD_RUNPATH_SEARCH_PATHS = (
					"$(inherited)",
					"@executable_path/Frameworks",
				);
				PRODUCT_BUNDLE_IDENTIFIER = com.twobrothersapps.FavoriteMusic;
				PRODUCT_NAME = "$(TARGET_NAME)";
				SWIFT_VERSION = 5.0;
				TARGETED_DEVICE_FAMILY = "1,2";
			};
			name = Debug;
		};
		A2F9E76F22A9F63A00DBE104 /* Release */ = {
			isa = XCBuildConfiguration;
			buildSettings = {
				ASSETCATALOG_COMPILER_APPICON_NAME = AppIcon;
				CODE_SIGN_STYLE = Automatic;
				DEVELOPMENT_TEAM = TX86F6EBCJ;
				INFOPLIST_FILE = FavoriteMusic/Info.plist;
				LD_RUNPATH_SEARCH_PATHS = (
					"$(inherited)",
					"@executable_path/Frameworks",
				);
				PRODUCT_BUNDLE_IDENTIFIER = com.twobrothersapps.FavoriteMusic;
				PRODUCT_NAME = "$(TARGET_NAME)";
				SWIFT_VERSION = 5.0;
				TARGETED_DEVICE_FAMILY = "1,2";
			};
			name = Release;
		};
/* End XCBuildConfiguration section */

/* Begin XCConfigurationList section */
		A2F9E75622A9F63900DBE104 /* Build configuration list for PBXProject "FavoriteMusic" */ = {
			isa = XCConfigurationList;
			buildConfigurations = (
				A2F9E76B22A9F63A00DBE104 /* Debug */,
				A2F9E76C22A9F63A00DBE104 /* Release */,
			);
			defaultConfigurationIsVisible = 0;
			defaultConfigurationName = Release;
		};
		A2F9E76D22A9F63A00DBE104 /* Build configuration list for PBXNativeTarget "FavoriteMusic" */ = {
			isa = XCConfigurationList;
			buildConfigurations = (
				A2F9E76E22A9F63A00DBE104 /* Debug */,
				A2F9E76F22A9F63A00DBE104 /* Release */,
			);
			defaultConfigurationIsVisible = 0;
			defaultConfigurationName = Release;
		};
/* End XCConfigurationList section */
	};
	rootObject = A2F9E75322A9F63900DBE104 /* Project object */;
}
